
Microsoft Visual Studio Solution File, Format Version 12.00
# Visual Studio Version 17
VisualStudioVersion = 17.6.33815.320
MinimumVisualStudioVersion = 10.0.40219.1
Project("{9A19103F-16F7-4668-BE54-9A1E7A4F7556}") = "BulkyWeb", "BulkyWeb\BulkyWeb.csproj", "{B155F265-C132-4CF5-BDAD-869E81386776}"
EndProject
Project("{9A19103F-16F7-4668-BE54-9A1E7A4F7556}") = "BulkyWeb.Service", "BulkyWeb.Service\BulkyWeb.Service.csproj", "{5FC762B4-B0D4-445E-9BD4-CCCF0182FF5E}"
EndProject
Project("{9A19103F-16F7-4668-BE54-9A1E7A4F7556}") = "BulkyWeb.Domain", "BulkyWeb.Domain\BulkyWeb.Domain.csproj", "{B03CEE00-87A7-4B3E-BD37-E36EE35828FA}"
EndProject
Project("{9A19103F-16F7-4668-BE54-9A1E7A4F7556}") = "Bulky.Data", "Bulky.Data\Bulky.Data.csproj", "{68B768FD-AB8D-429F-9369-9116B9C7F229}"
EndProject
Global
	GlobalSection(SolutionConfigurationPlatforms) = preSolution
		Debug|Any CPU = Debug|Any CPU
		Release|Any CPU = Release|Any CPU
	EndGlobalSection
	GlobalSection(ProjectConfigurationPlatforms) = postSolution
		{B155F265-C132-4CF5-BDAD-869E81386776}.Debug|Any CPU.ActiveCfg = Debug|Any CPU
		{B155F265-C132-4CF5-BDAD-869E81386776}.Debug|Any CPU.Build.0 = Debug|Any CPU
		{B155F265-C132-4CF5-BDAD-869E81386776}.Release|Any CPU.ActiveCfg = Release|Any CPU
		{B155F265-C132-4CF5-BDAD-869E81386776}.Release|Any CPU.Build.0 = Release|Any CPU
		{5FC762B4-B0D4-445E-9BD4-CCCF0182FF5E}.Debug|Any CPU.ActiveCfg = Debug|Any CPU
		{5FC762B4-B0D4-445E-9BD4-CCCF0182FF5E}.Debug|Any CPU.Build.0 = Debug|Any CPU
		{5FC762B4-B0D4-445E-9BD4-CCCF0182FF5E}.Release|Any CPU.ActiveCfg = Release|Any CPU
		{5FC762B4-B0D4-445E-9BD4-CCCF0182FF5E}.Release|Any CPU.Build.0 = Release|Any CPU
		{B03CEE00-87A7-4B3E-BD37-E36EE35828FA}.Debug|Any CPU.ActiveCfg = Debug|Any CPU
		{B03CEE00-87A7-4B3E-BD37-E36EE35828FA}.Debug|Any CPU.Build.0 = Debug|Any CPU
		{B03CEE00-87A7-4B3E-BD37-E36EE35828FA}.Release|Any CPU.ActiveCfg = Release|Any CPU
		{B03CEE00-87A7-4B3E-BD37-E36EE35828FA}.Release|Any CPU.Build.0 = Release|Any CPU
		{68B768FD-AB8D-429F-9369-9116B9C7F229}.Debug|Any CPU.ActiveCfg = Debug|Any CPU
		{68B768FD-AB8D-429F-9369-9116B9C7F229}.Debug|Any CPU.Build.0 = Debug|Any CPU
		{68B768FD-AB8D-429F-9369-9116B9C7F229}.Release|Any CPU.ActiveCfg = Release|Any CPU
		{68B768FD-AB8D-429F-9369-9116B9C7F229}.Release|Any CPU.Build.0 = Release|Any CPU
	EndGlobalSection
	GlobalSection(SolutionProperties) = preSolution
		HideSolutionNode = FALSE
	EndGlobalSection
	GlobalSection(ExtensibilityGlobals) = postSolution
		SolutionGuid = {9050D497-D78E-4545-A24E-8EA60B7D7D0F}
	EndGlobalSection
EndGlobal
